
Microsoft Visual Studio Solution File, Format Version 12.00
# Visual Studio Version 17
VisualStudioVersion = 17.14.36429.23 d17.14
MinimumVisualStudioVersion = 10.0.40219.1
Project("{FAE04EC0-301F-11D3-BF4B-00C04F79EFBC}") = "Sistemanomina", "Sistemanomina\Sistemanomina.csproj", "{77A54F54-7E0B-4DFC-937D-005163AEECAE}"
EndProject
Global
	GlobalSection(SolutionConfigurationPlatforms) = preSolution
		Debug|Any CPU = Debug|Any CPU
		Release|Any CPU = Release|Any CPU
	EndGlobalSection
	GlobalSection(ProjectConfigurationPlatforms) = postSolution
		{77A54F54-7E0B-4DFC-937D-005163AEECAE}.Debug|Any CPU.ActiveCfg = Debug|Any CPU
		{77A54F54-7E0B-4DFC-937D-005163AEECAE}.Debug|Any CPU.Build.0 = Debug|Any CPU
		{77A54F54-7E0B-4DFC-937D-005163AEECAE}.Release|Any CPU.ActiveCfg = Release|Any CPU
		{77A54F54-7E0B-4DFC-937D-005163AEECAE}.Release|Any CPU.Build.0 = Release|Any CPU
	EndGlobalSection
	GlobalSection(SolutionProperties) = preSolution
		HideSolutionNode = FALSE
	EndGlobalSection
	GlobalSection(ExtensibilityGlobals) = postSolution
		SolutionGuid = {EF421A5A-51E8-4049-899B-0ED438843DE4}
	EndGlobalSection
EndGlobal
